
Microsoft Visual Studio Solution File, Format Version 12.00
# Visual Studio 15
VisualStudioVersion = 15.0.27428.2011
MinimumVisualStudioVersion = 10.0.40219.1
Project("{FAE04EC0-301F-11D3-BF4B-00C04F79EFBC}") = "TeamProject", "TeamProject\TeamProject.csproj", "{622412E7-C58E-4C25-8EEE-ADD466853C06}"
EndProject
Global
	GlobalSection(SolutionConfigurationPlatforms) = preSolution
		Debug|Any CPU = Debug|Any CPU
		Release|Any CPU = Release|Any CPU
	EndGlobalSection
	GlobalSection(ProjectConfigurationPlatforms) = postSolution
		{622412E7-C58E-4C25-8EEE-ADD466853C06}.Debug|Any CPU.ActiveCfg = Debug|Any CPU
		{622412E7-C58E-4C25-8EEE-ADD466853C06}.Debug|Any CPU.Build.0 = Debug|Any CPU
		{622412E7-C58E-4C25-8EEE-ADD466853C06}.Release|Any CPU.ActiveCfg = Release|Any CPU
		{622412E7-C58E-4C25-8EEE-ADD466853C06}.Release|Any CPU.Build.0 = Release|Any CPU
	EndGlobalSection
	GlobalSection(SolutionProperties) = preSolution
		HideSolutionNode = FALSE
	EndGlobalSection
	GlobalSection(ExtensibilityGlobals) = postSolution
		SolutionGuid = {EC102489-AE8B-4997-AB82-86C7B707502E}
	EndGlobalSection
EndGlobal
